
Microsoft Visual Studio Solution File, Format Version 12.00
# Visual Studio Version 17
VisualStudioVersion = 17.9.34622.214
MinimumVisualStudioVersion = 10.0.40219.1
Project("{FAE04EC0-301F-11D3-BF4B-00C04F79EFBC}") = "M01A02", "M01A02\M01A02.csproj", "{C97BC1C4-48A8-49AA-A7D0-4EA27EC98D2A}"
EndProject
Project("{FAE04EC0-301F-11D3-BF4B-00C04F79EFBC}") = "M01A02B", "M01A02B\M01A02B.csproj", "{4878A15F-2288-40B0-B27D-D895D029B42E}"
EndProject
Project("{FAE04EC0-301F-11D3-BF4B-00C04F79EFBC}") = "M01A02C", "M01A02C\M01A02C.csproj", "{9C91AB35-D6D0-466A-AAEF-73893A0453A7}"
EndProject
Project("{FAE04EC0-301F-11D3-BF4B-00C04F79EFBC}") = "M01A03", "M01A03\M01A03.csproj", "{BDF2F705-A9D1-4371-B323-E724F886483A}"
EndProject
Project("{FAE04EC0-301F-11D3-BF4B-00C04F79EFBC}") = "NonogramaMassak", "NonogramaMassak\NonogramaMassak.csproj", "{6D648579-B2DF-4E54-8D87-5992B7B3EDAC}"
EndProject
Project("{FAE04EC0-301F-11D3-BF4B-00C04F79EFBC}") = "M01A04", "M01A04\M01A04.csproj", "{60CEC995-9B1F-4A71-832C-70F5E787BD69}"
EndProject
Project("{FAE04EC0-301F-11D3-BF4B-00C04F79EFBC}") = "M01A05AVariaveis", "M01A05Variaveis\M01A05AVariaveis.csproj", "{CA40F68F-EB35-402D-B9CE-0B77F93FE47C}"
EndProject
Project("{FAE04EC0-301F-11D3-BF4B-00C04F79EFBC}") = "M01A05BVariaveis", "M01A05BVariaveis\M01A05BVariaveis.csproj", "{AC61F878-287D-4F64-A605-E9511AFDC031}"
EndProject
Project("{FAE04EC0-301F-11D3-BF4B-00C04F79EFBC}") = "M01A06Constantes", "M01A06Constantes\M01A06Constantes.csproj", "{17B047D4-F4E5-440C-B223-3B056E441D55}"
EndProject
Project("{FAE04EC0-301F-11D3-BF4B-00C04F79EFBC}") = "M01A07Conversao", "M01A07Conversao\M01A07Conversao.csproj", "{9154648A-B706-48E9-9F63-8D052417ABA9}"
EndProject
Project("{FAE04EC0-301F-11D3-BF4B-00C04F79EFBC}") = "M01A08EntradasDeDados A", "M01A08EntradasDeDados\M01A08EntradasDeDados A.csproj", "{5D648AE8-199E-4A92-8536-1CEE58646714}"
EndProject
Project("{FAE04EC0-301F-11D3-BF4B-00C04F79EFBC}") = "M01A08Dados", "M01A07Dados\M01A08Dados.csproj", "{C7124626-7A39-45F8-B033-606652D069F8}"
EndProject
Project("{FAE04EC0-301F-11D3-BF4B-00C04F79EFBC}") = "M01A08cLendoNumeros", "M01A08cLendoNumeros\M01A08cLendoNumeros.csproj", "{996C1F8D-68EC-425B-A858-03F2645FB8D1}"
EndProject
Project("{FAE04EC0-301F-11D3-BF4B-00C04F79EFBC}") = "M01A08dLendoNumeros", "M01A08dLendoNumeros\M01A08dLendoNumeros.csproj", "{D5521659-FFF2-4FBE-93CF-47A00B3AEACF}"
EndProject
Project("{FAE04EC0-301F-11D3-BF4B-00C04F79EFBC}") = "M01A08ETryParse", "M01A08ETryParse\M01A08ETryParse.csproj", "{D8C0E708-159E-4AAA-8AA5-2C0EBFD8F459}"
EndProject
Project("{FAE04EC0-301F-11D3-BF4B-00C04F79EFBC}") = "M01A08fTryParse", "M01A08fTryParse\M01A08fTryParse.csproj", "{A5F82E36-B0DC-441D-8994-87339C4D36E1}"
EndProject
Project("{FAE04EC0-301F-11D3-BF4B-00C04F79EFBC}") = "M01A08ADadosString", "M01A08A\M01A08ADadosString.csproj", "{1876AF18-0B75-4E3A-BBED-2316DCBACCE9}"
EndProject
Project("{FAE04EC0-301F-11D3-BF4B-00C04F79EFBC}") = "M01A08BformsString", "M01A08BformsString\M01A08BformsString.csproj", "{2B33191D-6C37-4EB0-BC77-049ADFEC7F95}"
EndProject
Project("{FAE04EC0-301F-11D3-BF4B-00C04F79EFBC}") = "M01A09Numeros AleatoriosRandom", "M01A09Numeros AleatoriosRandom\M01A09Numeros AleatoriosRandom.csproj", "{7C784881-3474-43A9-988F-53B71644BD59}"
EndProject
Project("{FAE04EC0-301F-11D3-BF4B-00C04F79EFBC}") = "M01A10DataEHora", "M01A10DataEHora\M01A10DataEHora.csproj", "{E0F6E6BA-E249-4612-B1AF-CE59A9337281}"
EndProject
Project("{FAE04EC0-301F-11D3-BF4B-00C04F79EFBC}") = "M01A11ATemporizador", "M01A11ATemporizador\M01A11ATemporizador.csproj", "{BE02362E-5FAE-4E1C-9468-3298CC2B0A97}"
EndProject
Project("{FAE04EC0-301F-11D3-BF4B-00C04F79EFBC}") = "M01A11BTemporizadorForms", "M01A11BTemporizadorForms\M01A11BTemporizadorForms.csproj", "{4FB08737-854E-4046-91E8-2A6E3B69138A}"
EndProject
Project("{FAE04EC0-301F-11D3-BF4B-00C04F79EFBC}") = "M01A12AInterpolacao", "M01A12AInterpolacao\M01A12AInterpolacao.csproj", "{F3E3EC73-1207-4082-8DDD-2983B8976621}"
EndProject
Project("{FAE04EC0-301F-11D3-BF4B-00C04F79EFBC}") = "M01A12BInterpolacaoForm", "M01A12BInterpolacaoForm\M01A12BInterpolacaoForm.csproj", "{C5707A91-5EC5-48DA-93FA-8B5E5890E8B7}"
EndProject
Project("{FAE04EC0-301F-11D3-BF4B-00C04F79EFBC}") = "M01A12CInterpolacaoNumeros", "M01A12CInterpolacaoNumeros\M01A12CInterpolacaoNumeros.csproj", "{76789604-C75A-4AFD-844E-9C5D5FED16F0}"
EndProject
Project("{FAE04EC0-301F-11D3-BF4B-00C04F79EFBC}") = "M01A13AFormatacaoInterpolacao", "M01A13AFormatacaoInterpolacao\M01A13AFormatacaoInterpolacao.csproj", "{E665B9F2-C476-48BD-9222-4DDA0649C292}"
EndProject
Global
	GlobalSection(SolutionConfigurationPlatforms) = preSolution
		Debug|Any CPU = Debug|Any CPU
		Release|Any CPU = Release|Any CPU
	EndGlobalSection
	GlobalSection(ProjectConfigurationPlatforms) = postSolution
		{C97BC1C4-48A8-49AA-A7D0-4EA27EC98D2A}.Debug|Any CPU.ActiveCfg = Debug|Any CPU
		{C97BC1C4-48A8-49AA-A7D0-4EA27EC98D2A}.Debug|Any CPU.Build.0 = Debug|Any CPU
		{C97BC1C4-48A8-49AA-A7D0-4EA27EC98D2A}.Release|Any CPU.ActiveCfg = Release|Any CPU
		{C97BC1C4-48A8-49AA-A7D0-4EA27EC98D2A}.Release|Any CPU.Build.0 = Release|Any CPU
		{4878A15F-2288-40B0-B27D-D895D029B42E}.Debug|Any CPU.ActiveCfg = Debug|Any CPU
		{4878A15F-2288-40B0-B27D-D895D029B42E}.Debug|Any CPU.Build.0 = Debug|Any CPU
		{4878A15F-2288-40B0-B27D-D895D029B42E}.Release|Any CPU.ActiveCfg = Release|Any CPU
		{4878A15F-2288-40B0-B27D-D895D029B42E}.Release|Any CPU.Build.0 = Release|Any CPU
		{9C91AB35-D6D0-466A-AAEF-73893A0453A7}.Debug|Any CPU.ActiveCfg = Debug|Any CPU
		{9C91AB35-D6D0-466A-AAEF-73893A0453A7}.Debug|Any CPU.Build.0 = Debug|Any CPU
		{9C91AB35-D6D0-466A-AAEF-73893A0453A7}.Release|Any CPU.ActiveCfg = Release|Any CPU
		{9C91AB35-D6D0-466A-AAEF-73893A0453A7}.Release|Any CPU.Build.0 = Release|Any CPU
		{BDF2F705-A9D1-4371-B323-E724F886483A}.Debug|Any CPU.ActiveCfg = Debug|Any CPU
		{BDF2F705-A9D1-4371-B323-E724F886483A}.Debug|Any CPU.Build.0 = Debug|Any CPU
		{BDF2F705-A9D1-4371-B323-E724F886483A}.Release|Any CPU.ActiveCfg = Release|Any CPU
		{BDF2F705-A9D1-4371-B323-E724F886483A}.Release|Any CPU.Build.0 = Release|Any CPU
		{6D648579-B2DF-4E54-8D87-5992B7B3EDAC}.Debug|Any CPU.ActiveCfg = Debug|Any CPU
		{6D648579-B2DF-4E54-8D87-5992B7B3EDAC}.Debug|Any CPU.Build.0 = Debug|Any CPU
		{6D648579-B2DF-4E54-8D87-5992B7B3EDAC}.Release|Any CPU.ActiveCfg = Release|Any CPU
		{6D648579-B2DF-4E54-8D87-5992B7B3EDAC}.Release|Any CPU.Build.0 = Release|Any CPU
		{60CEC995-9B1F-4A71-832C-70F5E787BD69}.Debug|Any CPU.ActiveCfg = Debug|Any CPU
		{60CEC995-9B1F-4A71-832C-70F5E787BD69}.Debug|Any CPU.Build.0 = Debug|Any CPU
		{60CEC995-9B1F-4A71-832C-70F5E787BD69}.Release|Any CPU.ActiveCfg = Release|Any CPU
		{60CEC995-9B1F-4A71-832C-70F5E787BD69}.Release|Any CPU.Build.0 = Release|Any CPU
		{CA40F68F-EB35-402D-B9CE-0B77F93FE47C}.Debug|Any CPU.ActiveCfg = Debug|Any CPU
		{CA40F68F-EB35-402D-B9CE-0B77F93FE47C}.Debug|Any CPU.Build.0 = Debug|Any CPU
		{CA40F68F-EB35-402D-B9CE-0B77F93FE47C}.Release|Any CPU.ActiveCfg = Release|Any CPU
		{CA40F68F-EB35-402D-B9CE-0B77F93FE47C}.Release|Any CPU.Build.0 = Release|Any CPU
		{AC61F878-287D-4F64-A605-E9511AFDC031}.Debug|Any CPU.ActiveCfg = Debug|Any CPU
		{AC61F878-287D-4F64-A605-E9511AFDC031}.Debug|Any CPU.Build.0 = Debug|Any CPU
		{AC61F878-287D-4F64-A605-E9511AFDC031}.Release|Any CPU.ActiveCfg = Release|Any CPU
		{AC61F878-287D-4F64-A605-E9511AFDC031}.Release|Any CPU.Build.0 = Release|Any CPU
		{17B047D4-F4E5-440C-B223-3B056E441D55}.Debug|Any CPU.ActiveCfg = Debug|Any CPU
		{17B047D4-F4E5-440C-B223-3B056E441D55}.Debug|Any CPU.Build.0 = Debug|Any CPU
		{17B047D4-F4E5-440C-B223-3B056E441D55}.Release|Any CPU.ActiveCfg = Release|Any CPU
		{17B047D4-F4E5-440C-B223-3B056E441D55}.Release|Any CPU.Build.0 = Release|Any CPU
		{9154648A-B706-48E9-9F63-8D052417ABA9}.Debug|Any CPU.ActiveCfg = Debug|Any CPU
		{9154648A-B706-48E9-9F63-8D052417ABA9}.Debug|Any CPU.Build.0 = Debug|Any CPU
		{9154648A-B706-48E9-9F63-8D052417ABA9}.Release|Any CPU.ActiveCfg = Release|Any CPU
		{9154648A-B706-48E9-9F63-8D052417ABA9}.Release|Any CPU.Build.0 = Release|Any CPU
		{5D648AE8-199E-4A92-8536-1CEE58646714}.Debug|Any CPU.ActiveCfg = Debug|Any CPU
		{5D648AE8-199E-4A92-8536-1CEE58646714}.Debug|Any CPU.Build.0 = Debug|Any CPU
		{5D648AE8-199E-4A92-8536-1CEE58646714}.Release|Any CPU.ActiveCfg = Release|Any CPU
		{5D648AE8-199E-4A92-8536-1CEE58646714}.Release|Any CPU.Build.0 = Release|Any CPU
		{C7124626-7A39-45F8-B033-606652D069F8}.Debug|Any CPU.ActiveCfg = Debug|Any CPU
		{C7124626-7A39-45F8-B033-606652D069F8}.Debug|Any CPU.Build.0 = Debug|Any CPU
		{C7124626-7A39-45F8-B033-606652D069F8}.Release|Any CPU.ActiveCfg = Release|Any CPU
		{C7124626-7A39-45F8-B033-606652D069F8}.Release|Any CPU.Build.0 = Release|Any CPU
		{996C1F8D-68EC-425B-A858-03F2645FB8D1}.Debug|Any CPU.ActiveCfg = Debug|Any CPU
		{996C1F8D-68EC-425B-A858-03F2645FB8D1}.Debug|Any CPU.Build.0 = Debug|Any CPU
		{996C1F8D-68EC-425B-A858-03F2645FB8D1}.Release|Any CPU.ActiveCfg = Release|Any CPU
		{996C1F8D-68EC-425B-A858-03F2645FB8D1}.Release|Any CPU.Build.0 = Release|Any CPU
		{D5521659-FFF2-4FBE-93CF-47A00B3AEACF}.Debug|Any CPU.ActiveCfg = Debug|Any CPU
		{D5521659-FFF2-4FBE-93CF-47A00B3AEACF}.Debug|Any CPU.Build.0 = Debug|Any CPU
		{D5521659-FFF2-4FBE-93CF-47A00B3AEACF}.Release|Any CPU.ActiveCfg = Release|Any CPU
		{D5521659-FFF2-4FBE-93CF-47A00B3AEACF}.Release|Any CPU.Build.0 = Release|Any CPU
		{D8C0E708-159E-4AAA-8AA5-2C0EBFD8F459}.Debug|Any CPU.ActiveCfg = Debug|Any CPU
		{D8C0E708-159E-4AAA-8AA5-2C0EBFD8F459}.Debug|Any CPU.Build.0 = Debug|Any CPU
		{D8C0E708-159E-4AAA-8AA5-2C0EBFD8F459}.Release|Any CPU.ActiveCfg = Release|Any CPU
		{D8C0E708-159E-4AAA-8AA5-2C0EBFD8F459}.Release|Any CPU.Build.0 = Release|Any CPU
		{A5F82E36-B0DC-441D-8994-87339C4D36E1}.Debug|Any CPU.ActiveCfg = Debug|Any CPU
		{A5F82E36-B0DC-441D-8994-87339C4D36E1}.Debug|Any CPU.Build.0 = Debug|Any CPU
		{A5F82E36-B0DC-441D-8994-87339C4D36E1}.Release|Any CPU.ActiveCfg = Release|Any CPU
		{A5F82E36-B0DC-441D-8994-87339C4D36E1}.Release|Any CPU.Build.0 = Release|Any CPU
		{1876AF18-0B75-4E3A-BBED-2316DCBACCE9}.Debug|Any CPU.ActiveCfg = Debug|Any CPU
		{1876AF18-0B75-4E3A-BBED-2316DCBACCE9}.Debug|Any CPU.Build.0 = Debug|Any CPU
		{1876AF18-0B75-4E3A-BBED-2316DCBACCE9}.Release|Any CPU.ActiveCfg = Release|Any CPU
		{1876AF18-0B75-4E3A-BBED-2316DCBACCE9}.Release|Any CPU.Build.0 = Release|Any CPU
		{2B33191D-6C37-4EB0-BC77-049ADFEC7F95}.Debug|Any CPU.ActiveCfg = Debug|Any CPU
		{2B33191D-6C37-4EB0-BC77-049ADFEC7F95}.Debug|Any CPU.Build.0 = Debug|Any CPU
		{2B33191D-6C37-4EB0-BC77-049ADFEC7F95}.Release|Any CPU.ActiveCfg = Release|Any CPU
		{2B33191D-6C37-4EB0-BC77-049ADFEC7F95}.Release|Any CPU.Build.0 = Release|Any CPU
		{7C784881-3474-43A9-988F-53B71644BD59}.Debug|Any CPU.ActiveCfg = Debug|Any CPU
		{7C784881-3474-43A9-988F-53B71644BD59}.Debug|Any CPU.Build.0 = Debug|Any CPU
		{7C784881-3474-43A9-988F-53B71644BD59}.Release|Any CPU.ActiveCfg = Release|Any CPU
		{7C784881-3474-43A9-988F-53B71644BD59}.Release|Any CPU.Build.0 = Release|Any CPU
		{E0F6E6BA-E249-4612-B1AF-CE59A9337281}.Debug|Any CPU.ActiveCfg = Debug|Any CPU
		{E0F6E6BA-E249-4612-B1AF-CE59A9337281}.Debug|Any CPU.Build.0 = Debug|Any CPU
		{E0F6E6BA-E249-4612-B1AF-CE59A9337281}.Release|Any CPU.ActiveCfg = Release|Any CPU
		{E0F6E6BA-E249-4612-B1AF-CE59A9337281}.Release|Any CPU.Build.0 = Release|Any CPU
		{BE02362E-5FAE-4E1C-9468-3298CC2B0A97}.Debug|Any CPU.ActiveCfg = Debug|Any CPU
		{BE02362E-5FAE-4E1C-9468-3298CC2B0A97}.Debug|Any CPU.Build.0 = Debug|Any CPU
		{BE02362E-5FAE-4E1C-9468-3298CC2B0A97}.Release|Any CPU.ActiveCfg = Release|Any CPU
		{BE02362E-5FAE-4E1C-9468-3298CC2B0A97}.Release|Any CPU.Build.0 = Release|Any CPU
		{4FB08737-854E-4046-91E8-2A6E3B69138A}.Debug|Any CPU.ActiveCfg = Debug|Any CPU
		{4FB08737-854E-4046-91E8-2A6E3B69138A}.Debug|Any CPU.Build.0 = Debug|Any CPU
		{4FB08737-854E-4046-91E8-2A6E3B69138A}.Release|Any CPU.ActiveCfg = Release|Any CPU
		{4FB08737-854E-4046-91E8-2A6E3B69138A}.Release|Any CPU.Build.0 = Release|Any CPU
		{F3E3EC73-1207-4082-8DDD-2983B8976621}.Debug|Any CPU.ActiveCfg = Debug|Any CPU
		{F3E3EC73-1207-4082-8DDD-2983B8976621}.Debug|Any CPU.Build.0 = Debug|Any CPU
		{F3E3EC73-1207-4082-8DDD-2983B8976621}.Release|Any CPU.ActiveCfg = Release|Any CPU
		{F3E3EC73-1207-4082-8DDD-2983B8976621}.Release|Any CPU.Build.0 = Release|Any CPU
		{C5707A91-5EC5-48DA-93FA-8B5E5890E8B7}.Debug|Any CPU.ActiveCfg = Debug|Any CPU
		{C5707A91-5EC5-48DA-93FA-8B5E5890E8B7}.Debug|Any CPU.Build.0 = Debug|Any CPU
		{C5707A91-5EC5-48DA-93FA-8B5E5890E8B7}.Release|Any CPU.ActiveCfg = Release|Any CPU
		{C5707A91-5EC5-48DA-93FA-8B5E5890E8B7}.Release|Any CPU.Build.0 = Release|Any CPU
		{76789604-C75A-4AFD-844E-9C5D5FED16F0}.Debug|Any CPU.ActiveCfg = Debug|Any CPU
		{76789604-C75A-4AFD-844E-9C5D5FED16F0}.Debug|Any CPU.Build.0 = Debug|Any CPU
		{76789604-C75A-4AFD-844E-9C5D5FED16F0}.Release|Any CPU.ActiveCfg = Release|Any CPU
		{76789604-C75A-4AFD-844E-9C5D5FED16F0}.Release|Any CPU.Build.0 = Release|Any CPU
		{E665B9F2-C476-48BD-9222-4DDA0649C292}.Debug|Any CPU.ActiveCfg = Debug|Any CPU
		{E665B9F2-C476-48BD-9222-4DDA0649C292}.Debug|Any CPU.Build.0 = Debug|Any CPU
		{E665B9F2-C476-48BD-9222-4DDA0649C292}.Release|Any CPU.ActiveCfg = Release|Any CPU
		{E665B9F2-C476-48BD-9222-4DDA0649C292}.Release|Any CPU.Build.0 = Release|Any CPU
	EndGlobalSection
	GlobalSection(SolutionProperties) = preSolution
		HideSolutionNode = FALSE
	EndGlobalSection
	GlobalSection(ExtensibilityGlobals) = postSolution
		SolutionGuid = {86D6AAC5-9BAA-4CF0-9BCD-548F41AD5B6D}
	EndGlobalSection
EndGlobal
